
Microsoft Visual Studio Solution File, Format Version 12.00
# Visual Studio Version 17
VisualStudioVersion = 17.13.35825.156 d17.13
MinimumVisualStudioVersion = 10.0.40219.1
Project("{FAE04EC0-301F-11D3-BF4B-00C04F79EFBC}") = "InsightHub", "InsightHub\InsightHub.csproj", "{BAFF474F-D531-4516-8BC7-830443E4983A}"
EndProject
Global
	GlobalSection(SolutionConfigurationPlatforms) = preSolution
		Debug|Any CPU = Debug|Any CPU
		Release|Any CPU = Release|Any CPU
	EndGlobalSection
	GlobalSection(ProjectConfigurationPlatforms) = postSolution
		{BAFF474F-D531-4516-8BC7-830443E4983A}.Debug|Any CPU.ActiveCfg = Debug|Any CPU
		{BAFF474F-D531-4516-8BC7-830443E4983A}.Debug|Any CPU.Build.0 = Debug|Any CPU
		{BAFF474F-D531-4516-8BC7-830443E4983A}.Release|Any CPU.ActiveCfg = Release|Any CPU
		{BAFF474F-D531-4516-8BC7-830443E4983A}.Release|Any CPU.Build.0 = Release|Any CPU
	EndGlobalSection
	GlobalSection(SolutionProperties) = preSolution
		HideSolutionNode = FALSE
	EndGlobalSection
	GlobalSection(ExtensibilityGlobals) = postSolution
		SolutionGuid = {5F167599-8C2E-4834-B466-923EBAB2FD71}
	EndGlobalSection
EndGlobal
